
Microsoft Visual Studio Solution File, Format Version 12.00
# Visual Studio 14
VisualStudioVersion = 14.0.25123.0
MinimumVisualStudioVersion = 10.0.40219.1
Project("{FAE04EC0-301F-11D3-BF4B-00C04F79EFBC}") = "ColumnSumTest", "ColumnSumTest\ColumnSumTest.csproj", "{ECEBA638-32E7-4A59-9CE2-DE2E59F80625}"
EndProject
Project("{FAE04EC0-301F-11D3-BF4B-00C04F79EFBC}") = "ColumnSum", "ColumnSum\ColumnSum.csproj", "{5258AA70-D747-4D90-93AC-9E366C098FE4}"
EndProject
Global
	GlobalSection(SolutionConfigurationPlatforms) = preSolution
		Debug|Any CPU = Debug|Any CPU
		Release|Any CPU = Release|Any CPU
	EndGlobalSection
	GlobalSection(ProjectConfigurationPlatforms) = postSolution
		{ECEBA638-32E7-4A59-9CE2-DE2E59F80625}.Debug|Any CPU.ActiveCfg = Debug|Any CPU
		{ECEBA638-32E7-4A59-9CE2-DE2E59F80625}.Debug|Any CPU.Build.0 = Debug|Any CPU
		{ECEBA638-32E7-4A59-9CE2-DE2E59F80625}.Release|Any CPU.ActiveCfg = Release|Any CPU
		{ECEBA638-32E7-4A59-9CE2-DE2E59F80625}.Release|Any CPU.Build.0 = Release|Any CPU
		{5258AA70-D747-4D90-93AC-9E366C098FE4}.Debug|Any CPU.ActiveCfg = Debug|Any CPU
		{5258AA70-D747-4D90-93AC-9E366C098FE4}.Debug|Any CPU.Build.0 = Debug|Any CPU
		{5258AA70-D747-4D90-93AC-9E366C098FE4}.Release|Any CPU.ActiveCfg = Release|Any CPU
		{5258AA70-D747-4D90-93AC-9E366C098FE4}.Release|Any CPU.Build.0 = Release|Any CPU
	EndGlobalSection
	GlobalSection(SolutionProperties) = preSolution
		HideSolutionNode = FALSE
	EndGlobalSection
EndGlobal
